
Microsoft Visual Studio Solution File, Format Version 12.00
# Visual Studio 14
VisualStudioVersion = 14.0.25123.0
MinimumVisualStudioVersion = 10.0.40219.1
Project("{FAE04EC0-301F-11D3-BF4B-00C04F79EFBC}") = "CS402MidtermDavidBrown.WinPhone", "CS402MidtermDavidBrown\CS402MidtermDavidBrown.WinPhone\CS402MidtermDavidBrown.WinPhone.csproj", "{E74DADFC-4E89-4BFA-AE35-E2489E3561F6}"
EndProject
Project("{FAE04EC0-301F-11D3-BF4B-00C04F79EFBC}") = "CS402MidtermDavidBrown.UWP", "CS402MidtermDavidBrown\CS402MidtermDavidBrown.UWP\CS402MidtermDavidBrown.UWP.csproj", "{12A49C9C-3FEA-4A1C-9AD7-CDA120557490}"
EndProject
Project("{FAE04EC0-301F-11D3-BF4B-00C04F79EFBC}") = "CS402MidtermDavidBrown.Windows", "CS402MidtermDavidBrown\CS402MidtermDavidBrown.Windows\CS402MidtermDavidBrown.Windows.csproj", "{4EF80F4E-F7AC-40DB-9C7F-0C2F8C62FB20}"
EndProject
Project("{FAE04EC0-301F-11D3-BF4B-00C04F79EFBC}") = "CS402MidtermDavidBrown", "CS402MidtermDavidBrown\CS402MidtermDavidBrown\CS402MidtermDavidBrown.csproj", "{CA3404FC-5AFA-4CBC-9704-2F6772BB8BF2}"
EndProject
Global
	GlobalSection(SolutionConfigurationPlatforms) = preSolution
		Ad-Hoc|Any CPU = Ad-Hoc|Any CPU
		Ad-Hoc|ARM = Ad-Hoc|ARM
		Ad-Hoc|iPhone = Ad-Hoc|iPhone
		Ad-Hoc|iPhoneSimulator = Ad-Hoc|iPhoneSimulator
		Ad-Hoc|x64 = Ad-Hoc|x64
		Ad-Hoc|x86 = Ad-Hoc|x86
		AppStore|Any CPU = AppStore|Any CPU
		AppStore|ARM = AppStore|ARM
		AppStore|iPhone = AppStore|iPhone
		AppStore|iPhoneSimulator = AppStore|iPhoneSimulator
		AppStore|x64 = AppStore|x64
		AppStore|x86 = AppStore|x86
		Debug|Any CPU = Debug|Any CPU
		Debug|ARM = Debug|ARM
		Debug|iPhone = Debug|iPhone
		Debug|iPhoneSimulator = Debug|iPhoneSimulator
		Debug|x64 = Debug|x64
		Debug|x86 = Debug|x86
		Release|Any CPU = Release|Any CPU
		Release|ARM = Release|ARM
		Release|iPhone = Release|iPhone
		Release|iPhoneSimulator = Release|iPhoneSimulator
		Release|x64 = Release|x64
		Release|x86 = Release|x86
	EndGlobalSection
	GlobalSection(ProjectConfigurationPlatforms) = postSolution
		{E74DADFC-4E89-4BFA-AE35-E2489E3561F6}.Ad-Hoc|Any CPU.ActiveCfg = Release|Any CPU
		{E74DADFC-4E89-4BFA-AE35-E2489E3561F6}.Ad-Hoc|Any CPU.Build.0 = Release|Any CPU
		{E74DADFC-4E89-4BFA-AE35-E2489E3561F6}.Ad-Hoc|Any CPU.Deploy.0 = Release|Any CPU
		{E74DADFC-4E89-4BFA-AE35-E2489E3561F6}.Ad-Hoc|ARM.ActiveCfg = Release|ARM
		{E74DADFC-4E89-4BFA-AE35-E2489E3561F6}.Ad-Hoc|ARM.Build.0 = Release|ARM
		{E74DADFC-4E89-4BFA-AE35-E2489E3561F6}.Ad-Hoc|ARM.Deploy.0 = Release|ARM
		{E74DADFC-4E89-4BFA-AE35-E2489E3561F6}.Ad-Hoc|iPhone.ActiveCfg = Release|Any CPU
		{E74DADFC-4E89-4BFA-AE35-E2489E3561F6}.Ad-Hoc|iPhone.Build.0 = Release|Any CPU
		{E74DADFC-4E89-4BFA-AE35-E2489E3561F6}.Ad-Hoc|iPhone.Deploy.0 = Release|Any CPU
		{E74DADFC-4E89-4BFA-AE35-E2489E3561F6}.Ad-Hoc|iPhoneSimulator.ActiveCfg = Release|Any CPU
		{E74DADFC-4E89-4BFA-AE35-E2489E3561F6}.Ad-Hoc|iPhoneSimulator.Build.0 = Release|Any CPU
		{E74DADFC-4E89-4BFA-AE35-E2489E3561F6}.Ad-Hoc|iPhoneSimulator.Deploy.0 = Release|Any CPU
		{E74DADFC-4E89-4BFA-AE35-E2489E3561F6}.Ad-Hoc|x64.ActiveCfg = Release|Any CPU
		{E74DADFC-4E89-4BFA-AE35-E2489E3561F6}.Ad-Hoc|x64.Build.0 = Release|Any CPU
		{E74DADFC-4E89-4BFA-AE35-E2489E3561F6}.Ad-Hoc|x64.Deploy.0 = Release|Any CPU
		{E74DADFC-4E89-4BFA-AE35-E2489E3561F6}.Ad-Hoc|x86.ActiveCfg = Release|x86
		{E74DADFC-4E89-4BFA-AE35-E2489E3561F6}.Ad-Hoc|x86.Build.0 = Release|x86
		{E74DADFC-4E89-4BFA-AE35-E2489E3561F6}.Ad-Hoc|x86.Deploy.0 = Release|x86
		{E74DADFC-4E89-4BFA-AE35-E2489E3561F6}.AppStore|Any CPU.ActiveCfg = Release|Any CPU
		{E74DADFC-4E89-4BFA-AE35-E2489E3561F6}.AppStore|Any CPU.Build.0 = Release|Any CPU
		{E74DADFC-4E89-4BFA-AE35-E2489E3561F6}.AppStore|Any CPU.Deploy.0 = Release|Any CPU
		{E74DADFC-4E89-4BFA-AE35-E2489E3561F6}.AppStore|ARM.ActiveCfg = Release|ARM
		{E74DADFC-4E89-4BFA-AE35-E2489E3561F6}.AppStore|ARM.Build.0 = Release|ARM
		{E74DADFC-4E89-4BFA-AE35-E2489E3561F6}.AppStore|ARM.Deploy.0 = Release|ARM
		{E74DADFC-4E89-4BFA-AE35-E2489E3561F6}.AppStore|iPhone.ActiveCfg = Release|Any CPU
		{E74DADFC-4E89-4BFA-AE35-E2489E3561F6}.AppStore|iPhone.Build.0 = Release|Any CPU
		{E74DADFC-4E89-4BFA-AE35-E2489E3561F6}.AppStore|iPhone.Deploy.0 = Release|Any CPU
		{E74DADFC-4E89-4BFA-AE35-E2489E3561F6}.AppStore|iPhoneSimulator.ActiveCfg = Release|Any CPU
		{E74DADFC-4E89-4BFA-AE35-E2489E3561F6}.AppStore|iPhoneSimulator.Build.0 = Release|Any CPU
		{E74DADFC-4E89-4BFA-AE35-E2489E3561F6}.AppStore|iPhoneSimulator.Deploy.0 = Release|Any CPU
		{E74DADFC-4E89-4BFA-AE35-E2489E3561F6}.AppStore|x64.ActiveCfg = Release|Any CPU
		{E74DADFC-4E89-4BFA-AE35-E2489E3561F6}.AppStore|x64.Build.0 = Release|Any CPU
		{E74DADFC-4E89-4BFA-AE35-E2489E3561F6}.AppStore|x64.Deploy.0 = Release|Any CPU
		{E74DADFC-4E89-4BFA-AE35-E2489E3561F6}.AppStore|x86.ActiveCfg = Release|x86
		{E74DADFC-4E89-4BFA-AE35-E2489E3561F6}.AppStore|x86.Build.0 = Release|x86
		{E74DADFC-4E89-4BFA-AE35-E2489E3561F6}.AppStore|x86.Deploy.0 = Release|x86
		{E74DADFC-4E89-4BFA-AE35-E2489E3561F6}.Debug|Any CPU.ActiveCfg = Debug|Any CPU
		{E74DADFC-4E89-4BFA-AE35-E2489E3561F6}.Debug|Any CPU.Build.0 = Debug|Any CPU
		{E74DADFC-4E89-4BFA-AE35-E2489E3561F6}.Debug|Any CPU.Deploy.0 = Debug|Any CPU
		{E74DADFC-4E89-4BFA-AE35-E2489E3561F6}.Debug|ARM.ActiveCfg = Debug|ARM
		{E74DADFC-4E89-4BFA-AE35-E2489E3561F6}.Debug|ARM.Build.0 = Debug|ARM
		{E74DADFC-4E89-4BFA-AE35-E2489E3561F6}.Debug|ARM.Deploy.0 = Debug|ARM
		{E74DADFC-4E89-4BFA-AE35-E2489E3561F6}.Debug|iPhone.ActiveCfg = Debug|Any CPU
		{E74DADFC-4E89-4BFA-AE35-E2489E3561F6}.Debug|iPhone.Build.0 = Debug|Any CPU
		{E74DADFC-4E89-4BFA-AE35-E2489E3561F6}.Debug|iPhone.Deploy.0 = Debug|Any CPU
		{E74DADFC-4E89-4BFA-AE35-E2489E3561F6}.Debug|iPhoneSimulator.ActiveCfg = Debug|Any CPU
		{E74DADFC-4E89-4BFA-AE35-E2489E3561F6}.Debug|iPhoneSimulator.Build.0 = Debug|Any CPU
		{E74DADFC-4E89-4BFA-AE35-E2489E3561F6}.Debug|iPhoneSimulator.Deploy.0 = Debug|Any CPU
		{E74DADFC-4E89-4BFA-AE35-E2489E3561F6}.Debug|x64.ActiveCfg = Debug|Any CPU
		{E74DADFC-4E89-4BFA-AE35-E2489E3561F6}.Debug|x64.Build.0 = Debug|Any CPU
		{E74DADFC-4E89-4BFA-AE35-E2489E3561F6}.Debug|x64.Deploy.0 = Debug|Any CPU
		{E74DADFC-4E89-4BFA-AE35-E2489E3561F6}.Debug|x86.ActiveCfg = Debug|x86
		{E74DADFC-4E89-4BFA-AE35-E2489E3561F6}.Debug|x86.Build.0 = Debug|x86
		{E74DADFC-4E89-4BFA-AE35-E2489E3561F6}.Debug|x86.Deploy.0 = Debug|x86
		{E74DADFC-4E89-4BFA-AE35-E2489E3561F6}.Release|Any CPU.ActiveCfg = Release|Any CPU
		{E74DADFC-4E89-4BFA-AE35-E2489E3561F6}.Release|Any CPU.Build.0 = Release|Any CPU
		{E74DADFC-4E89-4BFA-AE35-E2489E3561F6}.Release|Any CPU.Deploy.0 = Release|Any CPU
		{E74DADFC-4E89-4BFA-AE35-E2489E3561F6}.Release|ARM.ActiveCfg = Release|ARM
		{E74DADFC-4E89-4BFA-AE35-E2489E3561F6}.Release|ARM.Build.0 = Release|ARM
		{E74DADFC-4E89-4BFA-AE35-E2489E3561F6}.Release|ARM.Deploy.0 = Release|ARM
		{E74DADFC-4E89-4BFA-AE35-E2489E3561F6}.Release|iPhone.ActiveCfg = Release|Any CPU
		{E74DADFC-4E89-4BFA-AE35-E2489E3561F6}.Release|iPhone.Build.0 = Release|Any CPU
		{E74DADFC-4E89-4BFA-AE35-E2489E3561F6}.Release|iPhone.Deploy.0 = Release|Any CPU
		{E74DADFC-4E89-4BFA-AE35-E2489E3561F6}.Release|iPhoneSimulator.ActiveCfg = Release|Any CPU
		{E74DADFC-4E89-4BFA-AE35-E2489E3561F6}.Release|iPhoneSimulator.Build.0 = Release|Any CPU
		{E74DADFC-4E89-4BFA-AE35-E2489E3561F6}.Release|iPhoneSimulator.Deploy.0 = Release|Any CPU
		{E74DADFC-4E89-4BFA-AE35-E2489E3561F6}.Release|x64.ActiveCfg = Release|Any CPU
		{E74DADFC-4E89-4BFA-AE35-E2489E3561F6}.Release|x64.Build.0 = Release|Any CPU
		{E74DADFC-4E89-4BFA-AE35-E2489E3561F6}.Release|x64.Deploy.0 = Release|Any CPU
		{E74DADFC-4E89-4BFA-AE35-E2489E3561F6}.Release|x86.ActiveCfg = Release|x86
		{E74DADFC-4E89-4BFA-AE35-E2489E3561F6}.Release|x86.Build.0 = Release|x86
		{E74DADFC-4E89-4BFA-AE35-E2489E3561F6}.Release|x86.Deploy.0 = Release|x86
		{12A49C9C-3FEA-4A1C-9AD7-CDA120557490}.Ad-Hoc|Any CPU.ActiveCfg = Release|x86
		{12A49C9C-3FEA-4A1C-9AD7-CDA120557490}.Ad-Hoc|Any CPU.Build.0 = Release|x86
		{12A49C9C-3FEA-4A1C-9AD7-CDA120557490}.Ad-Hoc|Any CPU.Deploy.0 = Release|x86
		{12A49C9C-3FEA-4A1C-9AD7-CDA120557490}.Ad-Hoc|ARM.ActiveCfg = Release|ARM
		{12A49C9C-3FEA-4A1C-9AD7-CDA120557490}.Ad-Hoc|ARM.Build.0 = Release|ARM
		{12A49C9C-3FEA-4A1C-9AD7-CDA120557490}.Ad-Hoc|ARM.Deploy.0 = Release|ARM
		{12A49C9C-3FEA-4A1C-9AD7-CDA120557490}.Ad-Hoc|iPhone.ActiveCfg = Release|x86
		{12A49C9C-3FEA-4A1C-9AD7-CDA120557490}.Ad-Hoc|iPhone.Build.0 = Release|x86
		{12A49C9C-3FEA-4A1C-9AD7-CDA120557490}.Ad-Hoc|iPhone.Deploy.0 = Release|x86
		{12A49C9C-3FEA-4A1C-9AD7-CDA120557490}.Ad-Hoc|iPhoneSimulator.ActiveCfg = Release|x86
		{12A49C9C-3FEA-4A1C-9AD7-CDA120557490}.Ad-Hoc|iPhoneSimulator.Build.0 = Release|x86
		{12A49C9C-3FEA-4A1C-9AD7-CDA120557490}.Ad-Hoc|iPhoneSimulator.Deploy.0 = Release|x86
		{12A49C9C-3FEA-4A1C-9AD7-CDA120557490}.Ad-Hoc|x64.ActiveCfg = Release|x64
		{12A49C9C-3FEA-4A1C-9AD7-CDA120557490}.Ad-Hoc|x64.Build.0 = Release|x64
		{12A49C9C-3FEA-4A1C-9AD7-CDA120557490}.Ad-Hoc|x64.Deploy.0 = Release|x64
		{12A49C9C-3FEA-4A1C-9AD7-CDA120557490}.Ad-Hoc|x86.ActiveCfg = Release|x86
		{12A49C9C-3FEA-4A1C-9AD7-CDA120557490}.Ad-Hoc|x86.Build.0 = Release|x86
		{12A49C9C-3FEA-4A1C-9AD7-CDA120557490}.Ad-Hoc|x86.Deploy.0 = Release|x86
		{12A49C9C-3FEA-4A1C-9AD7-CDA120557490}.AppStore|Any CPU.ActiveCfg = Release|x86
		{12A49C9C-3FEA-4A1C-9AD7-CDA120557490}.AppStore|Any CPU.Build.0 = Release|x86
		{12A49C9C-3FEA-4A1C-9AD7-CDA120557490}.AppStore|Any CPU.Deploy.0 = Release|x86
		{12A49C9C-3FEA-4A1C-9AD7-CDA120557490}.AppStore|ARM.ActiveCfg = Release|ARM
		{12A49C9C-3FEA-4A1C-9AD7-CDA120557490}.AppStore|ARM.Build.0 = Release|ARM
		{12A49C9C-3FEA-4A1C-9AD7-CDA120557490}.AppStore|ARM.Deploy.0 = Release|ARM
		{12A49C9C-3FEA-4A1C-9AD7-CDA120557490}.AppStore|iPhone.ActiveCfg = Release|x86
		{12A49C9C-3FEA-4A1C-9AD7-CDA120557490}.AppStore|iPhone.Build.0 = Release|x86
		{12A49C9C-3FEA-4A1C-9AD7-CDA120557490}.AppStore|iPhone.Deploy.0 = Release|x86
		{12A49C9C-3FEA-4A1C-9AD7-CDA120557490}.AppStore|iPhoneSimulator.ActiveCfg = Release|x86
		{12A49C9C-3FEA-4A1C-9AD7-CDA120557490}.AppStore|iPhoneSimulator.Build.0 = Release|x86
		{12A49C9C-3FEA-4A1C-9AD7-CDA120557490}.AppStore|iPhoneSimulator.Deploy.0 = Release|x86
		{12A49C9C-3FEA-4A1C-9AD7-CDA120557490}.AppStore|x64.ActiveCfg = Release|x64
		{12A49C9C-3FEA-4A1C-9AD7-CDA120557490}.AppStore|x64.Build.0 = Release|x64
		{12A49C9C-3FEA-4A1C-9AD7-CDA120557490}.AppStore|x64.Deploy.0 = Release|x64
		{12A49C9C-3FEA-4A1C-9AD7-CDA120557490}.AppStore|x86.ActiveCfg = Release|x86
		{12A49C9C-3FEA-4A1C-9AD7-CDA120557490}.AppStore|x86.Build.0 = Release|x86
		{12A49C9C-3FEA-4A1C-9AD7-CDA120557490}.AppStore|x86.Deploy.0 = Release|x86
		{12A49C9C-3FEA-4A1C-9AD7-CDA120557490}.Debug|Any CPU.ActiveCfg = Debug|x86
		{12A49C9C-3FEA-4A1C-9AD7-CDA120557490}.Debug|ARM.ActiveCfg = Debug|ARM
		{12A49C9C-3FEA-4A1C-9AD7-CDA120557490}.Debug|ARM.Build.0 = Debug|ARM
		{12A49C9C-3FEA-4A1C-9AD7-CDA120557490}.Debug|ARM.Deploy.0 = Debug|ARM
		{12A49C9C-3FEA-4A1C-9AD7-CDA120557490}.Debug|iPhone.ActiveCfg = Debug|x86
		{12A49C9C-3FEA-4A1C-9AD7-CDA120557490}.Debug|iPhoneSimulator.ActiveCfg = Debug|x86
		{12A49C9C-3FEA-4A1C-9AD7-CDA120557490}.Debug|x64.ActiveCfg = Debug|x64
		{12A49C9C-3FEA-4A1C-9AD7-CDA120557490}.Debug|x64.Build.0 = Debug|x64
		{12A49C9C-3FEA-4A1C-9AD7-CDA120557490}.Debug|x64.Deploy.0 = Debug|x64
		{12A49C9C-3FEA-4A1C-9AD7-CDA120557490}.Debug|x86.ActiveCfg = Debug|x86
		{12A49C9C-3FEA-4A1C-9AD7-CDA120557490}.Debug|x86.Build.0 = Debug|x86
		{12A49C9C-3FEA-4A1C-9AD7-CDA120557490}.Debug|x86.Deploy.0 = Debug|x86
		{12A49C9C-3FEA-4A1C-9AD7-CDA120557490}.Release|Any CPU.ActiveCfg = Release|x86
		{12A49C9C-3FEA-4A1C-9AD7-CDA120557490}.Release|ARM.ActiveCfg = Release|ARM
		{12A49C9C-3FEA-4A1C-9AD7-CDA120557490}.Release|ARM.Build.0 = Release|ARM
		{12A49C9C-3FEA-4A1C-9AD7-CDA120557490}.Release|ARM.Deploy.0 = Release|ARM
		{12A49C9C-3FEA-4A1C-9AD7-CDA120557490}.Release|iPhone.ActiveCfg = Release|x86
		{12A49C9C-3FEA-4A1C-9AD7-CDA120557490}.Release|iPhoneSimulator.ActiveCfg = Release|x86
		{12A49C9C-3FEA-4A1C-9AD7-CDA120557490}.Release|x64.ActiveCfg = Release|x64
		{12A49C9C-3FEA-4A1C-9AD7-CDA120557490}.Release|x64.Build.0 = Release|x64
		{12A49C9C-3FEA-4A1C-9AD7-CDA120557490}.Release|x64.Deploy.0 = Release|x64
		{12A49C9C-3FEA-4A1C-9AD7-CDA120557490}.Release|x86.ActiveCfg = Release|x86
		{12A49C9C-3FEA-4A1C-9AD7-CDA120557490}.Release|x86.Build.0 = Release|x86
		{12A49C9C-3FEA-4A1C-9AD7-CDA120557490}.Release|x86.Deploy.0 = Release|x86
		{4EF80F4E-F7AC-40DB-9C7F-0C2F8C62FB20}.Ad-Hoc|Any CPU.ActiveCfg = Release|Any CPU
		{4EF80F4E-F7AC-40DB-9C7F-0C2F8C62FB20}.Ad-Hoc|Any CPU.Build.0 = Release|Any CPU
		{4EF80F4E-F7AC-40DB-9C7F-0C2F8C62FB20}.Ad-Hoc|Any CPU.Deploy.0 = Release|Any CPU
		{4EF80F4E-F7AC-40DB-9C7F-0C2F8C62FB20}.Ad-Hoc|ARM.ActiveCfg = Release|ARM
		{4EF80F4E-F7AC-40DB-9C7F-0C2F8C62FB20}.Ad-Hoc|ARM.Build.0 = Release|ARM
		{4EF80F4E-F7AC-40DB-9C7F-0C2F8C62FB20}.Ad-Hoc|ARM.Deploy.0 = Release|ARM
		{4EF80F4E-F7AC-40DB-9C7F-0C2F8C62FB20}.Ad-Hoc|iPhone.ActiveCfg = Release|Any CPU
		{4EF80F4E-F7AC-40DB-9C7F-0C2F8C62FB20}.Ad-Hoc|iPhone.Build.0 = Release|Any CPU
		{4EF80F4E-F7AC-40DB-9C7F-0C2F8C62FB20}.Ad-Hoc|iPhone.Deploy.0 = Release|Any CPU
		{4EF80F4E-F7AC-40DB-9C7F-0C2F8C62FB20}.Ad-Hoc|iPhoneSimulator.ActiveCfg = Release|Any CPU
		{4EF80F4E-F7AC-40DB-9C7F-0C2F8C62FB20}.Ad-Hoc|iPhoneSimulator.Build.0 = Release|Any CPU
		{4EF80F4E-F7AC-40DB-9C7F-0C2F8C62FB20}.Ad-Hoc|iPhoneSimulator.Deploy.0 = Release|Any CPU
		{4EF80F4E-F7AC-40DB-9C7F-0C2F8C62FB20}.Ad-Hoc|x64.ActiveCfg = Release|x64
		{4EF80F4E-F7AC-40DB-9C7F-0C2F8C62FB20}.Ad-Hoc|x64.Build.0 = Release|x64
		{4EF80F4E-F7AC-40DB-9C7F-0C2F8C62FB20}.Ad-Hoc|x64.Deploy.0 = Release|x64
		{4EF80F4E-F7AC-40DB-9C7F-0C2F8C62FB20}.Ad-Hoc|x86.ActiveCfg = Release|x86
		{4EF80F4E-F7AC-40DB-9C7F-0C2F8C62FB20}.Ad-Hoc|x86.Build.0 = Release|x86
		{4EF80F4E-F7AC-40DB-9C7F-0C2F8C62FB20}.Ad-Hoc|x86.Deploy.0 = Release|x86
		{4EF80F4E-F7AC-40DB-9C7F-0C2F8C62FB20}.AppStore|Any CPU.ActiveCfg = Release|Any CPU
		{4EF80F4E-F7AC-40DB-9C7F-0C2F8C62FB20}.AppStore|Any CPU.Build.0 = Release|Any CPU
		{4EF80F4E-F7AC-40DB-9C7F-0C2F8C62FB20}.AppStore|Any CPU.Deploy.0 = Release|Any CPU
		{4EF80F4E-F7AC-40DB-9C7F-0C2F8C62FB20}.AppStore|ARM.ActiveCfg = Release|ARM
		{4EF80F4E-F7AC-40DB-9C7F-0C2F8C62FB20}.AppStore|ARM.Build.0 = Release|ARM
		{4EF80F4E-F7AC-40DB-9C7F-0C2F8C62FB20}.AppStore|ARM.Deploy.0 = Release|ARM
		{4EF80F4E-F7AC-40DB-9C7F-0C2F8C62FB20}.AppStore|iPhone.ActiveCfg = Release|Any CPU
		{4EF80F4E-F7AC-40DB-9C7F-0C2F8C62FB20}.AppStore|iPhone.Build.0 = Release|Any CPU
		{4EF80F4E-F7AC-40DB-9C7F-0C2F8C62FB20}.AppStore|iPhone.Deploy.0 = Release|Any CPU
		{4EF80F4E-F7AC-40DB-9C7F-0C2F8C62FB20}.AppStore|iPhoneSimulator.ActiveCfg = Release|Any CPU
		{4EF80F4E-F7AC-40DB-9C7F-0C2F8C62FB20}.AppStore|iPhoneSimulator.Build.0 = Release|Any CPU
		{4EF80F4E-F7AC-40DB-9C7F-0C2F8C62FB20}.AppStore|iPhoneSimulator.Deploy.0 = Release|Any CPU
		{4EF80F4E-F7AC-40DB-9C7F-0C2F8C62FB20}.AppStore|x64.ActiveCfg = Release|x64
		{4EF80F4E-F7AC-40DB-9C7F-0C2F8C62FB20}.AppStore|x64.Build.0 = Release|x64
		{4EF80F4E-F7AC-40DB-9C7F-0C2F8C62FB20}.AppStore|x64.Deploy.0 = Release|x64
		{4EF80F4E-F7AC-40DB-9C7F-0C2F8C62FB20}.AppStore|x86.ActiveCfg = Release|x86
		{4EF80F4E-F7AC-40DB-9C7F-0C2F8C62FB20}.AppStore|x86.Build.0 = Release|x86
		{4EF80F4E-F7AC-40DB-9C7F-0C2F8C62FB20}.AppStore|x86.Deploy.0 = Release|x86
		{4EF80F4E-F7AC-40DB-9C7F-0C2F8C62FB20}.Debug|Any CPU.ActiveCfg = Debug|Any CPU
		{4EF80F4E-F7AC-40DB-9C7F-0C2F8C62FB20}.Debug|Any CPU.Build.0 = Debug|Any CPU
		{4EF80F4E-F7AC-40DB-9C7F-0C2F8C62FB20}.Debug|Any CPU.Deploy.0 = Debug|Any CPU
		{4EF80F4E-F7AC-40DB-9C7F-0C2F8C62FB20}.Debug|ARM.ActiveCfg = Debug|ARM
		{4EF80F4E-F7AC-40DB-9C7F-0C2F8C62FB20}.Debug|ARM.Build.0 = Debug|ARM
		{4EF80F4E-F7AC-40DB-9C7F-0C2F8C62FB20}.Debug|ARM.Deploy.0 = Debug|ARM
		{4EF80F4E-F7AC-40DB-9C7F-0C2F8C62FB20}.Debug|iPhone.ActiveCfg = Debug|Any CPU
		{4EF80F4E-F7AC-40DB-9C7F-0C2F8C62FB20}.Debug|iPhone.Build.0 = Debug|Any CPU
		{4EF80F4E-F7AC-40DB-9C7F-0C2F8C62FB20}.Debug|iPhone.Deploy.0 = Debug|Any CPU
		{4EF80F4E-F7AC-40DB-9C7F-0C2F8C62FB20}.Debug|iPhoneSimulator.ActiveCfg = Debug|Any CPU
		{4EF80F4E-F7AC-40DB-9C7F-0C2F8C62FB20}.Debug|iPhoneSimulator.Build.0 = Debug|Any CPU
		{4EF80F4E-F7AC-40DB-9C7F-0C2F8C62FB20}.Debug|iPhoneSimulator.Deploy.0 = Debug|Any CPU
		{4EF80F4E-F7AC-40DB-9C7F-0C2F8C62FB20}.Debug|x64.ActiveCfg = Debug|x64
		{4EF80F4E-F7AC-40DB-9C7F-0C2F8C62FB20}.Debug|x64.Build.0 = Debug|x64
		{4EF80F4E-F7AC-40DB-9C7F-0C2F8C62FB20}.Debug|x64.Deploy.0 = Debug|x64
		{4EF80F4E-F7AC-40DB-9C7F-0C2F8C62FB20}.Debug|x86.ActiveCfg = Debug|x86
		{4EF80F4E-F7AC-40DB-9C7F-0C2F8C62FB20}.Debug|x86.Build.0 = Debug|x86
		{4EF80F4E-F7AC-40DB-9C7F-0C2F8C62FB20}.Debug|x86.Deploy.0 = Debug|x86
		{4EF80F4E-F7AC-40DB-9C7F-0C2F8C62FB20}.Release|Any CPU.ActiveCfg = Release|Any CPU
		{4EF80F4E-F7AC-40DB-9C7F-0C2F8C62FB20}.Release|Any CPU.Build.0 = Release|Any CPU
		{4EF80F4E-F7AC-40DB-9C7F-0C2F8C62FB20}.Release|Any CPU.Deploy.0 = Release|Any CPU
		{4EF80F4E-F7AC-40DB-9C7F-0C2F8C62FB20}.Release|ARM.ActiveCfg = Release|ARM
		{4EF80F4E-F7AC-40DB-9C7F-0C2F8C62FB20}.Release|ARM.Build.0 = Release|ARM
		{4EF80F4E-F7AC-40DB-9C7F-0C2F8C62FB20}.Release|ARM.Deploy.0 = Release|ARM
		{4EF80F4E-F7AC-40DB-9C7F-0C2F8C62FB20}.Release|iPhone.ActiveCfg = Release|Any CPU
		{4EF80F4E-F7AC-40DB-9C7F-0C2F8C62FB20}.Release|iPhone.Build.0 = Release|Any CPU
		{4EF80F4E-F7AC-40DB-9C7F-0C2F8C62FB20}.Release|iPhone.Deploy.0 = Release|Any CPU
		{4EF80F4E-F7AC-40DB-9C7F-0C2F8C62FB20}.Release|iPhoneSimulator.ActiveCfg = Release|Any CPU
		{4EF80F4E-F7AC-40DB-9C7F-0C2F8C62FB20}.Release|iPhoneSimulator.Build.0 = Release|Any CPU
		{4EF80F4E-F7AC-40DB-9C7F-0C2F8C62FB20}.Release|iPhoneSimulator.Deploy.0 = Release|Any CPU
		{4EF80F4E-F7AC-40DB-9C7F-0C2F8C62FB20}.Release|x64.ActiveCfg = Release|x64
		{4EF80F4E-F7AC-40DB-9C7F-0C2F8C62FB20}.Release|x64.Build.0 = Release|x64
		{4EF80F4E-F7AC-40DB-9C7F-0C2F8C62FB20}.Release|x64.Deploy.0 = Release|x64
		{4EF80F4E-F7AC-40DB-9C7F-0C2F8C62FB20}.Release|x86.ActiveCfg = Release|x86
		{4EF80F4E-F7AC-40DB-9C7F-0C2F8C62FB20}.Release|x86.Build.0 = Release|x86
		{4EF80F4E-F7AC-40DB-9C7F-0C2F8C62FB20}.Release|x86.Deploy.0 = Release|x86
		{CA3404FC-5AFA-4CBC-9704-2F6772BB8BF2}.Ad-Hoc|Any CPU.ActiveCfg = Release|Any CPU
		{CA3404FC-5AFA-4CBC-9704-2F6772BB8BF2}.Ad-Hoc|Any CPU.Build.0 = Release|Any CPU
		{CA3404FC-5AFA-4CBC-9704-2F6772BB8BF2}.Ad-Hoc|ARM.ActiveCfg = Release|Any CPU
		{CA3404FC-5AFA-4CBC-9704-2F6772BB8BF2}.Ad-Hoc|ARM.Build.0 = Release|Any CPU
		{CA3404FC-5AFA-4CBC-9704-2F6772BB8BF2}.Ad-Hoc|iPhone.ActiveCfg = Release|Any CPU
		{CA3404FC-5AFA-4CBC-9704-2F6772BB8BF2}.Ad-Hoc|iPhone.Build.0 = Release|Any CPU
		{CA3404FC-5AFA-4CBC-9704-2F6772BB8BF2}.Ad-Hoc|iPhoneSimulator.ActiveCfg = Release|Any CPU
		{CA3404FC-5AFA-4CBC-9704-2F6772BB8BF2}.Ad-Hoc|iPhoneSimulator.Build.0 = Release|Any CPU
		{CA3404FC-5AFA-4CBC-9704-2F6772BB8BF2}.Ad-Hoc|x64.ActiveCfg = Release|Any CPU
		{CA3404FC-5AFA-4CBC-9704-2F6772BB8BF2}.Ad-Hoc|x64.Build.0 = Release|Any CPU
		{CA3404FC-5AFA-4CBC-9704-2F6772BB8BF2}.Ad-Hoc|x86.ActiveCfg = Release|Any CPU
		{CA3404FC-5AFA-4CBC-9704-2F6772BB8BF2}.Ad-Hoc|x86.Build.0 = Release|Any CPU
		{CA3404FC-5AFA-4CBC-9704-2F6772BB8BF2}.AppStore|Any CPU.ActiveCfg = Release|Any CPU
		{CA3404FC-5AFA-4CBC-9704-2F6772BB8BF2}.AppStore|Any CPU.Build.0 = Release|Any CPU
		{CA3404FC-5AFA-4CBC-9704-2F6772BB8BF2}.AppStore|ARM.ActiveCfg = Release|Any CPU
		{CA3404FC-5AFA-4CBC-9704-2F6772BB8BF2}.AppStore|ARM.Build.0 = Release|Any CPU
		{CA3404FC-5AFA-4CBC-9704-2F6772BB8BF2}.AppStore|iPhone.ActiveCfg = Release|Any CPU
		{CA3404FC-5AFA-4CBC-9704-2F6772BB8BF2}.AppStore|iPhone.Build.0 = Release|Any CPU
		{CA3404FC-5AFA-4CBC-9704-2F6772BB8BF2}.AppStore|iPhoneSimulator.ActiveCfg = Release|Any CPU
		{CA3404FC-5AFA-4CBC-9704-2F6772BB8BF2}.AppStore|iPhoneSimulator.Build.0 = Release|Any CPU
		{CA3404FC-5AFA-4CBC-9704-2F6772BB8BF2}.AppStore|x64.ActiveCfg = Release|Any CPU
		{CA3404FC-5AFA-4CBC-9704-2F6772BB8BF2}.AppStore|x64.Build.0 = Release|Any CPU
		{CA3404FC-5AFA-4CBC-9704-2F6772BB8BF2}.AppStore|x86.ActiveCfg = Release|Any CPU
		{CA3404FC-5AFA-4CBC-9704-2F6772BB8BF2}.AppStore|x86.Build.0 = Release|Any CPU
		{CA3404FC-5AFA-4CBC-9704-2F6772BB8BF2}.Debug|Any CPU.ActiveCfg = Debug|Any CPU
		{CA3404FC-5AFA-4CBC-9704-2F6772BB8BF2}.Debug|Any CPU.Build.0 = Debug|Any CPU
		{CA3404FC-5AFA-4CBC-9704-2F6772BB8BF2}.Debug|ARM.ActiveCfg = Debug|Any CPU
		{CA3404FC-5AFA-4CBC-9704-2F6772BB8BF2}.Debug|ARM.Build.0 = Debug|Any CPU
		{CA3404FC-5AFA-4CBC-9704-2F6772BB8BF2}.Debug|iPhone.ActiveCfg = Debug|Any CPU
		{CA3404FC-5AFA-4CBC-9704-2F6772BB8BF2}.Debug|iPhone.Build.0 = Debug|Any CPU
		{CA3404FC-5AFA-4CBC-9704-2F6772BB8BF2}.Debug|iPhoneSimulator.ActiveCfg = Debug|Any CPU
		{CA3404FC-5AFA-4CBC-9704-2F6772BB8BF2}.Debug|iPhoneSimulator.Build.0 = Debug|Any CPU
		{CA3404FC-5AFA-4CBC-9704-2F6772BB8BF2}.Debug|x64.ActiveCfg = Debug|Any CPU
		{CA3404FC-5AFA-4CBC-9704-2F6772BB8BF2}.Debug|x64.Build.0 = Debug|Any CPU
		{CA3404FC-5AFA-4CBC-9704-2F6772BB8BF2}.Debug|x86.ActiveCfg = Debug|Any CPU
		{CA3404FC-5AFA-4CBC-9704-2F6772BB8BF2}.Debug|x86.Build.0 = Debug|Any CPU
		{CA3404FC-5AFA-4CBC-9704-2F6772BB8BF2}.Release|Any CPU.ActiveCfg = Release|Any CPU
		{CA3404FC-5AFA-4CBC-9704-2F6772BB8BF2}.Release|Any CPU.Build.0 = Release|Any CPU
		{CA3404FC-5AFA-4CBC-9704-2F6772BB8BF2}.Release|ARM.ActiveCfg = Release|Any CPU
		{CA3404FC-5AFA-4CBC-9704-2F6772BB8BF2}.Release|ARM.Build.0 = Release|Any CPU
		{CA3404FC-5AFA-4CBC-9704-2F6772BB8BF2}.Release|iPhone.ActiveCfg = Release|Any CPU
		{CA3404FC-5AFA-4CBC-9704-2F6772BB8BF2}.Release|iPhone.Build.0 = Release|Any CPU
		{CA3404FC-5AFA-4CBC-9704-2F6772BB8BF2}.Release|iPhoneSimulator.ActiveCfg = Release|Any CPU
		{CA3404FC-5AFA-4CBC-9704-2F6772BB8BF2}.Release|iPhoneSimulator.Build.0 = Release|Any CPU
		{CA3404FC-5AFA-4CBC-9704-2F6772BB8BF2}.Release|x64.ActiveCfg = Release|Any CPU
		{CA3404FC-5AFA-4CBC-9704-2F6772BB8BF2}.Release|x64.Build.0 = Release|Any CPU
		{CA3404FC-5AFA-4CBC-9704-2F6772BB8BF2}.Release|x86.ActiveCfg = Release|Any CPU
		{CA3404FC-5AFA-4CBC-9704-2F6772BB8BF2}.Release|x86.Build.0 = Release|Any CPU
	EndGlobalSection
	GlobalSection(SolutionProperties) = preSolution
		HideSolutionNode = FALSE
	EndGlobalSection
EndGlobal
